
Microsoft Visual Studio Solution File, Format Version 12.00
# Visual Studio Version 17
VisualStudioVersion = 17.14.36603.0
MinimumVisualStudioVersion = 10.0.40219.1
Project("{FAE04EC0-301F-11D3-BF4B-00C04F79EFBC}") = "ms_paint_project", "ms_paint_project\ms_paint_project.csproj", "{B3282F67-C53B-4AFD-A0A1-807E833C8399}"
EndProject
Global
	GlobalSection(SolutionConfigurationPlatforms) = preSolution
		Debug|Any CPU = Debug|Any CPU
		Release|Any CPU = Release|Any CPU
	EndGlobalSection
	GlobalSection(ProjectConfigurationPlatforms) = postSolution
		{B3282F67-C53B-4AFD-A0A1-807E833C8399}.Debug|Any CPU.ActiveCfg = Debug|Any CPU
		{B3282F67-C53B-4AFD-A0A1-807E833C8399}.Debug|Any CPU.Build.0 = Debug|Any CPU
		{B3282F67-C53B-4AFD-A0A1-807E833C8399}.Release|Any CPU.ActiveCfg = Release|Any CPU
		{B3282F67-C53B-4AFD-A0A1-807E833C8399}.Release|Any CPU.Build.0 = Release|Any CPU
	EndGlobalSection
	GlobalSection(SolutionProperties) = preSolution
		HideSolutionNode = FALSE
	EndGlobalSection
	GlobalSection(ExtensibilityGlobals) = postSolution
		SolutionGuid = {1F40ED75-0768-41E2-BF84-B7F1B9B8DA8A}
	EndGlobalSection
EndGlobal
